github.com/djherbis/atime v1.1.0 h1:rgwVbP/5by8BvvjBNrbh64Qz33idKT3pSnMSJsxhi0g=
github.com/djherbis/atime v1.1.0/go.mod h1:28OF6Y8s3NQWwacXc5eZTsEsiMzp7LF8MbXE+XJPdBE=
github.com/jimsnab/go-simpleutils v1.0.13 h1:7Qxfv7xK7YG2mOiBITfrWzOeToezj9XiNSxU/IKSsJA=
github.com/jimsnab/go-simpleutils v1.0.13/go.mod h1:RudIoMHFP5s+x86U0VOX4Ij3aqDFDf+gxPGor8stRC4=
github.com/jimsnab/go-simpleutils v1.0.14 h1:MRaa0DEh0ZGoZthYo0cQLKvgzbUW/kTjlWpPNEw4DqU=
github.com/jimsnab/go-simpleutils v1.0.14/go.mod h1:mjdz+ZYJmz24/dKFEoWFbls8TI61Llk3zFhgtbR8Zeg=
